{
  "object": {
    "pins": [
      {
        "package": "KochavaCore",
        "repositoryURL": "https://github.com/Kochava/Apple-SwiftPackage-KochavaCore",
        "state": {
          "branch": null,
          "revision": "f417ad102bd3bbde4668f5e23a07591f19eb8d3e",
          "version": "5.0.0"
        }
      },
      {
        "package": "KochavaUI",
        "repositoryURL": "https://github.com/Kochava/Apple-SwiftPackage-KochavaUI",
        "state": {
          "branch": null,
          "revision": "8772f0e4454b9fe1dfe2fce31d56f0450cb3712e",
          "version": "5.0.0"
        }
      }
    ]
  },
  "version": 1
}
