{
  "object": {
    "pins": [
      {
        "package": "KochavaCore",
        "repositoryURL": "https://github.com/Kochava/Apple-SwiftPackage-KochavaCore",
        "state": {
          "branch": null,
          "revision": "bf1c359ed89c34dfae447cbe4a2e0a0829fdd081",
          "version": "6.1.0"
        }
      },
      {
        "package": "KochavaUI",
        "repositoryURL": "https://github.com/Kochava/Apple-SwiftPackage-KochavaUI",
        "state": {
          "branch": null,
          "revision": "cb9a36da67d68592b44f922ee5f0a76f6e7ce983",
          "version": "6.1.0"
        }
      }
    ]
  },
  "version": 1
}
